// !$*UTF8*$!
{
	archiveVersion = 1;
	classes = {
	};
	objectVersion = 50;
	objects = {

/* Begin PBXBuildFile section */
		1601211720C0C0CE00C5EC98 /* AppDelegate.swift in Sources */ = {isa = PBXBuildFile; fileRef = 1601211620C0C0CE00C5EC98 /* AppDelegate.swift */; };
		1601211C20C0C0CE00C5EC98 /* Main.storyboard in Resources */ = {isa = PBXBuildFile; fileRef = 1601211A20C0C0CE00C5EC98 /* Main.storyboard */; };
		1601211E20C0C0CF00C5EC98 /* Assets.xcassets in Resources */ = {isa = PBXBuildFile; fileRef = 1601211D20C0C0CF00C5EC98 /* Assets.xcassets */; };
		1601212120C0C0CF00C5EC98 /* LaunchScreen.storyboard in Resources */ = {isa = PBXBuildFile; fileRef = 1601211F20C0C0CF00C5EC98 /* LaunchScreen.storyboard */; };
		16CF55D920C1F546002EBB91 /* StarWarsCharacter.swift in Sources */ = {isa = PBXBuildFile; fileRef = 16CF55D820C1F546002EBB91 /* StarWarsCharacter.swift */; };
		16CF55DB20C1FBFA002EBB91 /* StarWarsCharacterNetworkController.swift in Sources */ = {isa = PBXBuildFile; fileRef = 16CF55DA20C1FBFA002EBB91 /* StarWarsCharacterNetworkController.swift */; };
		16CF55DD20C202B5002EBB91 /* StarWarsCharacterPersistence.swift in Sources */ = {isa = PBXBuildFile; fileRef = 16CF55DC20C202B5002EBB91 /* StarWarsCharacterPersistence.swift */; };
		16CF55DF20C206AF002EBB91 /* CharacterListTableViewController.swift in Sources */ = {isa = PBXBuildFile; fileRef = 16CF55DE20C206AF002EBB91 /* CharacterListTableViewController.swift */; };
		16CF55E120C2075C002EBB91 /* CharacterDetailViewController.swift in Sources */ = {isa = PBXBuildFile; fileRef = 16CF55E020C2075C002EBB91 /* CharacterDetailViewController.swift */; };
/* End PBXBuildFile section */

/* Begin PBXFileReference section */
		1601211320C0C0CE00C5EC98 /* AlderCodeChallenge.app */ = {isa = PBXFileReference; explicitFileType = wrapper.application; includeInIndex = 0; path = AlderCodeChallenge.app; sourceTree = BUILT_PRODUCTS_DIR; };
		1601211620C0C0CE00C5EC98 /* AppDelegate.swift */ = {isa = PBXFileReference; lastKnownFileType = sourcecode.swift; path = AppDelegate.swift; sourceTree = "<group>"; };
		1601211B20C0C0CE00C5EC98 /* Base */ = {isa = PBXFileReference; lastKnownFileType = file.storyboard; name = Base; path = Base.lproj/Main.storyboard; sourceTree = "<group>"; };
		1601211D20C0C0CF00C5EC98 /* Assets.xcassets */ = {isa = PBXFileReference; lastKnownFileType = folder.assetcatalog; path = Assets.xcassets; sourceTree = "<group>"; };
		1601212020C0C0CF00C5EC98 /* Base */ = {isa = PBXFileReference; lastKnownFileType = file.storyboard; name = Base; path = Base.lproj/LaunchScreen.storyboard; sourceTree = "<group>"; };
		1601212220C0C0CF00C5EC98 /* Info.plist */ = {isa = PBXFileReference; lastKnownFileType = text.plist.xml; path = Info.plist; sourceTree = "<group>"; };
		16CF55D820C1F546002EBB91 /* StarWarsCharacter.swift */ = {isa = PBXFileReference; lastKnownFileType = sourcecode.swift; path = StarWarsCharacter.swift; sourceTree = "<group>"; };
		16CF55DA20C1FBFA002EBB91 /* StarWarsCharacterNetworkController.swift */ = {isa = PBXFileReference; lastKnownFileType = sourcecode.swift; path = StarWarsCharacterNetworkController.swift; sourceTree = "<group>"; };
		16CF55DC20C202B5002EBB91 /* StarWarsCharacterPersistence.swift */ = {isa = PBXFileReference; lastKnownFileType = sourcecode.swift; path = StarWarsCharacterPersistence.swift; sourceTree = "<group>"; };
		16CF55DE20C206AF002EBB91 /* CharacterListTableViewController.swift */ = {isa = PBXFileReference; lastKnownFileType = sourcecode.swift; path = CharacterListTableViewController.swift; sourceTree = "<group>"; };
		16CF55E020C2075C002EBB91 /* CharacterDetailViewController.swift */ = {isa = PBXFileReference; lastKnownFileType = sourcecode.swift; path = CharacterDetailViewController.swift; sourceTree = "<group>"; };
/* End PBXFileReference section */

/* Begin PBXFrameworksBuildPhase section */
		1601211020C0C0CE00C5EC98 /* Frameworks */ = {
			isa = PBXFrameworksBuildPhase;
			buildActionMask = 2147483647;
			files = (
			);
			runOnlyForDeploymentPostprocessing = 0;
		};
/* End PBXFrameworksBuildPhase section */

/* Begin PBXGroup section */
		1601210A20C0C0CE00C5EC98 = {
			isa = PBXGroup;
			children = (
				1601211520C0C0CE00C5EC98 /* AlderCodeChallenge */,
				1601211420C0C0CE00C5EC98 /* Products */,
			);
			sourceTree = "<group>";
		};
		1601211420C0C0CE00C5EC98 /* Products */ = {
			isa = PBXGroup;
			children = (
				1601211320C0C0CE00C5EC98 /* AlderCodeChallenge.app */,
			);
			name = Products;
			sourceTree = "<group>";
		};
		1601211520C0C0CE00C5EC98 /* AlderCodeChallenge */ = {
			isa = PBXGroup;
			children = (
				16CF55D720C1F520002EBB91 /* Model */,
				16CF55D620C1F513002EBB91 /* Model Controllers */,
				16CF55D520C1F50A002EBB91 /* View Controllers */,
				1601212920C0C22100C5EC98 /* Views */,
				1601212820C0C20F00C5EC98 /* Resources */,
			);
			path = AlderCodeChallenge;
			sourceTree = "<group>";
		};
		1601212820C0C20F00C5EC98 /* Resources */ = {
			isa = PBXGroup;
			children = (
				1601211620C0C0CE00C5EC98 /* AppDelegate.swift */,
				1601211D20C0C0CF00C5EC98 /* Assets.xcassets */,
				1601212220C0C0CF00C5EC98 /* Info.plist */,
			);
			path = Resources;
			sourceTree = "<group>";
		};
		1601212920C0C22100C5EC98 /* Views */ = {
			isa = PBXGroup;
			children = (
				1601211A20C0C0CE00C5EC98 /* Main.storyboard */,
				1601211F20C0C0CF00C5EC98 /* LaunchScreen.storyboard */,
			);
			path = Views;
			sourceTree = "<group>";
		};
		16CF55D520C1F50A002EBB91 /* View Controllers */ = {
			isa = PBXGroup;
			children = (
				16CF55DE20C206AF002EBB91 /* CharacterListTableViewController.swift */,
				16CF55E020C2075C002EBB91 /* CharacterDetailViewController.swift */,
			);
			path = "View Controllers";
			sourceTree = "<group>";
		};
		16CF55D620C1F513002EBB91 /* Model Controllers */ = {
			isa = PBXGroup;
			children = (
				16CF55DA20C1FBFA002EBB91 /* StarWarsCharacterNetworkController.swift */,
				16CF55DC20C202B5002EBB91 /* StarWarsCharacterPersistence.swift */,
			);
			path = "Model Controllers";
			sourceTree = "<group>";
		};
		16CF55D720C1F520002EBB91 /* Model */ = {
			isa = PBXGroup;
			children = (
				16CF55D820C1F546002EBB91 /* StarWarsCharacter.swift */,
			);
			path = Model;
			sourceTree = "<group>";
		};
/* End PBXGroup section */

/* Begin PBXNativeTarget section */
		1601211220C0C0CE00C5EC98 /* AlderCodeChallenge */ = {
			isa = PBXNativeTarget;
			buildConfigurationList = 1601212520C0C0CF00C5EC98 /* Build configuration list for PBXNativeTarget "AlderCodeChallenge" */;
			buildPhases = (
				1601210F20C0C0CE00C5EC98 /* Sources */,
				1601211020C0C0CE00C5EC98 /* Frameworks */,
				1601211120C0C0CE00C5EC98 /* Resources */,
			);
			buildRules = (
			);
			dependencies = (
			);
			name = AlderCodeChallenge;
			productName = AlderCodeChallenge;
			productReference = 1601211320C0C0CE00C5EC98 /* AlderCodeChallenge.app */;
			productType = "com.apple.product-type.application";
		};
/* End PBXNativeTarget section */

/* Begin PBXProject section */
		1601210B20C0C0CE00C5EC98 /* Project object */ = {
			isa = PBXProject;
			attributes = {
				LastSwiftUpdateCheck = 0930;
				LastUpgradeCheck = 0930;
				ORGANIZATIONNAME = "Taylor Bills";
				TargetAttributes = {
					1601211220C0C0CE00C5EC98 = {
						CreatedOnToolsVersion = 9.3;
					};
				};
			};
			buildConfigurationList = 1601210E20C0C0CE00C5EC98 /* Build configuration list for PBXProject "AlderCodeChallenge" */;
			compatibilityVersion = "Xcode 9.3";
			developmentRegion = en;
			hasScannedForEncodings = 0;
			knownRegions = (
				en,
				Base,
			);
			mainGroup = 1601210A20C0C0CE00C5EC98;
			productRefGroup = 1601211420C0C0CE00C5EC98 /* Products */;
			projectDirPath = "";
			projectRoot = "";
			targets = (
				1601211220C0C0CE00C5EC98 /* AlderCodeChallenge */,
			);
		};
/* End PBXProject section */

/* Begin PBXResourcesBuildPhase section */
		1601211120C0C0CE00C5EC98 /* Resources */ = {
			isa = PBXResourcesBuildPhase;
			buildActionMask = 2147483647;
			files = (
				1601212120C0C0CF00C5EC98 /* LaunchScreen.storyboard in Resources */,
				1601211E20C0C0CF00C5EC98 /* Assets.xcassets in Resources */,
				1601211C20C0C0CE00C5EC98 /* Main.storyboard in Resources */,
			);
			runOnlyForDeploymentPostprocessing = 0;
		};
/* End PBXResourcesBuildPhase section */

/* Begin PBXSourcesBuildPhase section */
		1601210F20C0C0CE00C5EC98 /* Sources */ = {
			isa = PBXSourcesBuildPhase;
			buildActionMask = 2147483647;
			files = (
				16CF55D920C1F546002EBB91 /* StarWarsCharacter.swift in Sources */,
				16CF55E120C2075C002EBB91 /* CharacterDetailViewController.swift in Sources */,
				16CF55DB20C1FBFA002EBB91 /* StarWarsCharacterNetworkController.swift in Sources */,
				16CF55DF20C206AF002EBB91 /* CharacterListTableViewController.swift in Sources */,
				16CF55DD20C202B5002EBB91 /* StarWarsCharacterPersistence.swift in Sources */,
				1601211720C0C0CE00C5EC98 /* AppDelegate.swift in Sources */,
			);
			runOnlyForDeploymentPostprocessing = 0;
		};
/* End PBXSourcesBuildPhase section */

/* Begin PBXVariantGroup section */
		1601211A20C0C0CE00C5EC98 /* Main.storyboard */ = {
			isa = PBXVariantGroup;
			children = (
				1601211B20C0C0CE00C5EC98 /* Base */,
			);
			name = Main.storyboard;
			sourceTree = "<group>";
		};
		1601211F20C0C0CF00C5EC98 /* LaunchScreen.storyboard */ = {
			isa = PBXVariantGroup;
			children = (
				1601212020C0C0CF00C5EC98 /* Base */,
			);
			name = LaunchScreen.storyboard;
			sourceTree = "<group>";
		};
/* End PBXVariantGroup section */

/* Begin XCBuildConfiguration section */
		1601212320C0C0CF00C5EC98 /* Debug */ = {
			isa = XCBuildConfiguration;
			buildSettings = {
				ALWAYS_SEARCH_USER_PATHS = NO;
				CLANG_ANALYZER_NONNULL = YES;
				CLANG_ANALYZER_NUMBER_OBJECT_CONVERSION = YES_AGGRESSIVE;
				CLANG_CXX_LANGUAGE_STANDARD = "gnu++14";
				CLANG_CXX_LIBRARY = "libc++";
				CLANG_ENABLE_MODULES = YES;
				CLANG_ENABLE_OBJC_ARC = YES;
				CLANG_ENABLE_OBJC_WEAK = YES;
				CLANG_WARN_BLOCK_CAPTURE_AUTORELEASING = YES;
				CLANG_WARN_BOOL_CONVERSION = YES;
				CLANG_WARN_COMMA = YES;
				CLANG_WARN_CONSTANT_CONVERSION = YES;
				CLANG_WARN_DEPRECATED_OBJC_IMPLEMENTATIONS = YES;
				CLANG_WARN_DIRECT_OBJC_ISA_USAGE = YES_ERROR;
				CLANG_WARN_DOCUMENTATION_COMMENTS = YES;
				CLANG_WARN_EMPTY_BODY = YES;
				CLANG_WARN_ENUM_CONVERSION = YES;
				CLANG_WARN_INFINITE_RECURSION = YES;
				CLANG_WARN_INT_CONVERSION = YES;
				CLANG_WARN_NON_LITERAL_NULL_CONVERSION = YES;
				CLANG_WARN_OBJC_IMPLICIT_RETAIN_SELF = YES;
				CLANG_WARN_OBJC_LITERAL_CONVERSION = YES;
				CLANG_WARN_OBJC_ROOT_CLASS = YES_ERROR;
				CLANG_WARN_RANGE_LOOP_ANALYSIS = YES;
				CLANG_WARN_STRICT_PROTOTYPES = YES;
				CLANG_WARN_SUSPICIOUS_MOVE = YES;
				CLANG_WARN_UNGUARDED_AVAILABILITY = YES_AGGRESSIVE;
				CLANG_WARN_UNREACHABLE_CODE = YES;
				CLANG_WARN__DUPLICATE_METHOD_MATCH = YES;
				CODE_SIGN_IDENTITY = "iPhone Developer";
				COPY_PHASE_STRIP = NO;
				DEBUG_INFORMATION_FORMAT = dwarf;
				ENABLE_STRICT_OBJC_MSGSEND = YES;
				ENABLE_TESTABILITY = YES;
				GCC_C_LANGUAGE_STANDARD = gnu11;
				GCC_DYNAMIC_NO_PIC = NO;
				GCC_NO_COMMON_BLOCKS = YES;
				GCC_OPTIMIZATION_LEVEL = 0;
				GCC_PREPROCESSOR_DEFINITIONS = (
					"DEBUG=1",
					"$(inherited)",
				);
				GCC_WARN_64_TO_32_BIT_CONVERSION = YES;
				GCC_WARN_ABOUT_RETURN_TYPE = YES_ERROR;
				GCC_WARN_UNDECLARED_SELECTOR = YES;
				GCC_WARN_UNINITIALIZED_AUTOS = YES_AGGRESSIVE;
				GCC_WARN_UNUSED_FUNCTION = YES;
				GCC_WARN_UNUSED_VARIABLE = YES;
				IPHONEOS_DEPLOYMENT_TARGET = 11.3;
				MTL_ENABLE_DEBUG_INFO = YES;
				ONLY_ACTIVE_ARCH = YES;
				SDKROOT = iphoneos;
				SWIFT_ACTIVE_COMPILATION_CONDITIONS = DEBUG;
				SWIFT_OPTIMIZATION_LEVEL = "-Onone";
			};
			name = Debug;
		};
		1601212420C0C0CF00C5EC98 /* Release */ = {
			isa = XCBuildConfiguration;
			buildSettings = {
				ALWAYS_SEARCH_USER_PATHS = NO;
				CLANG_ANALYZER_NONNULL = YES;
				CLANG_ANALYZER_NUMBER_OBJECT_CONVERSION = YES_AGGRESSIVE;
				CLANG_CXX_LANGUAGE_STANDARD = "gnu++14";
				CLANG_CXX_LIBRARY = "libc++";
				CLANG_ENABLE_MODULES = YES;
				CLANG_ENABLE_OBJC_ARC = YES;
				CLANG_ENABLE_OBJC_WEAK = YES;
				CLANG_WARN_BLOCK_CAPTURE_AUTORELEASING = YES;
				CLANG_WARN_BOOL_CONVERSION = YES;
				CLANG_WARN_COMMA = YES;
				CLANG_WARN_CONSTANT_CONVERSION = YES;
				CLANG_WARN_DEPRECATED_OBJC_IMPLEMENTATIONS = YES;
				CLANG_WARN_DIRECT_OBJC_ISA_USAGE = YES_ERROR;
				CLANG_WARN_DOCUMENTATION_COMMENTS = YES;
				CLANG_WARN_EMPTY_BODY = YES;
				CLANG_WARN_ENUM_CONVERSION = YES;
				CLANG_WARN_INFINITE_RECURSION = YES;
				CLANG_WARN_INT_CONVERSION = YES;
				CLANG_WARN_NON_LITERAL_NULL_CONVERSION = YES;
				CLANG_WARN_OBJC_IMPLICIT_RETAIN_SELF = YES;
				CLANG_WARN_OBJC_LITERAL_CONVERSION = YES;
				CLANG_WARN_OBJC_ROOT_CLASS = YES_ERROR;
				CLANG_WARN_RANGE_LOOP_ANALYSIS = YES;
				CLANG_WARN_STRICT_PROTOTYPES = YES;
				CLANG_WARN_SUSPICIOUS_MOVE = YES;
				CLANG_WARN_UNGUARDED_AVAILABILITY = YES_AGGRESSIVE;
				CLANG_WARN_UNREACHABLE_CODE = YES;
				CLANG_WARN__DUPLICATE_METHOD_MATCH = YES;
				CODE_SIGN_IDENTITY = "iPhone Developer";
				COPY_PHASE_STRIP = NO;
				DEBUG_INFORMATION_FORMAT = "dwarf-with-dsym";
				ENABLE_NS_ASSERTIONS = NO;
				ENABLE_STRICT_OBJC_MSGSEND = YES;
				GCC_C_LANGUAGE_STANDARD = gnu11;
				GCC_NO_COMMON_BLOCKS = YES;
				GCC_WARN_64_TO_32_BIT_CONVERSION = YES;
				GCC_WARN_ABOUT_RETURN_TYPE = YES_ERROR;
				GCC_WARN_UNDECLARED_SELECTOR = YES;
				GCC_WARN_UNINITIALIZED_AUTOS = YES_AGGRESSIVE;
				GCC_WARN_UNUSED_FUNCTION = YES;
				GCC_WARN_UNUSED_VARIABLE = YES;
				IPHONEOS_DEPLOYMENT_TARGET = 11.3;
				MTL_ENABLE_DEBUG_INFO = NO;
				SDKROOT = iphoneos;
				SWIFT_COMPILATION_MODE = wholemodule;
				SWIFT_OPTIMIZATION_LEVEL = "-O";
				VALIDATE_PRODUCT = YES;
			};
			name = Release;
		};
		1601212620C0C0CF00C5EC98 /* Debug */ = {
			isa = XCBuildConfiguration;
			buildSettings = {
				ASSETCATALOG_COMPILER_APPICON_NAME = AppIcon;
				CODE_SIGN_STYLE = Automatic;
				DEVELOPMENT_TEAM = NZ5N56B84J;
				INFOPLIST_FILE = "$(SRCROOT)/AlderCodeChallenge/Resources/Info.plist";
				LD_RUNPATH_SEARCH_PATHS = (
					"$(inherited)",
					"@executable_path/Frameworks",
				);
				PRODUCT_BUNDLE_IDENTIFIER = com.TAYLORBILLS.AlderCodeChallenge;
				PRODUCT_NAME = "$(TARGET_NAME)";
				SWIFT_VERSION = 4.0;
				TARGETED_DEVICE_FAMILY = "1,2";
			};
			name = Debug;
		};
		1601212720C0C0CF00C5EC98 /* Release */ = {
			isa = XCBuildConfiguration;
			buildSettings = {
				ASSETCATALOG_COMPILER_APPICON_NAME = AppIcon;
				CODE_SIGN_STYLE = Automatic;
				DEVELOPMENT_TEAM = NZ5N56B84J;
				INFOPLIST_FILE = "$(SRCROOT)/AlderCodeChallenge/Resources/Info.plist";
				LD_RUNPATH_SEARCH_PATHS = (
					"$(inherited)",
					"@executable_path/Frameworks",
				);
				PRODUCT_BUNDLE_IDENTIFIER = com.TAYLORBILLS.AlderCodeChallenge;
				PRODUCT_NAME = "$(TARGET_NAME)";
				SWIFT_VERSION = 4.0;
				TARGETED_DEVICE_FAMILY = "1,2";
			};
			name = Release;
		};
/* End XCBuildConfiguration section */

/* Begin XCConfigurationList section */
		1601210E20C0C0CE00C5EC98 /* Build configuration list for PBXProject "AlderCodeChallenge" */ = {
			isa = XCConfigurationList;
			buildConfigurations = (
				1601212320C0C0CF00C5EC98 /* Debug */,
				1601212420C0C0CF00C5EC98 /* Release */,
			);
			defaultConfigurationIsVisible = 0;
			defaultConfigurationName = Release;
		};
		1601212520C0C0CF00C5EC98 /* Build configuration list for PBXNativeTarget "AlderCodeChallenge" */ = {
			isa = XCConfigurationList;
			buildConfigurations = (
				1601212620C0C0CF00C5EC98 /* Debug */,
				1601212720C0C0CF00C5EC98 /* Release */,
			);
			defaultConfigurationIsVisible = 0;
			defaultConfigurationName = Release;
		};
/* End XCConfigurationList section */
	};
	rootObject = 1601210B20C0C0CE00C5EC98 /* Project object */;
}
